{
  "name": "ai_command",
  "version": "1.0.0",
  "lockfileVersion": 3,
  "requires": true,
  "packages": {
    "": {
      "name": "ai_command",
      "version": "1.0.0",
      "license": "ISC",
      "dependencies": {
        "@vercel/python": "^1.2.4"
      }
    },
    "node_modules/@vercel/python": {
      "version": "1.2.4",
      "resolved": "https://registry.npmjs.org/@vercel/python/-/python-1.2.4.tgz",
      "integrity": "sha512-XD3G8RxBZYed50v3Gi1DCxrDremRUwX5rbkYtuS3LJwYB3cxdksc0BhHjds2gexcPljeyTFN2JDZ2weIJn8NhA==",
      "license": "MIT"
    }
  }
}
